// !$*UTF8*$!
{
	archiveVersion = 1;
	classes = {
	};
	objectVersion = 46;
	objects = {

/* Begin PBXBuildFile section */
		CD07553D1CA1E23B00F9FAD3 /* AppDelegate.swift in Sources */ = {isa = PBXBuildFile; fileRef = CD07553C1CA1E23B00F9FAD3 /* AppDelegate.swift */; };
		CD07553F1CA1E23B00F9FAD3 /* ViewController.swift in Sources */ = {isa = PBXBuildFile; fileRef = CD07553E1CA1E23B00F9FAD3 /* ViewController.swift */; };
		CD0755441CA1E23B00F9FAD3 /* Assets.xcassets in Resources */ = {isa = PBXBuildFile; fileRef = CD0755431CA1E23B00F9FAD3 /* Assets.xcassets */; };
		CD0755471CA1E23B00F9FAD3 /* LaunchScreen.storyboard in Resources */ = {isa = PBXBuildFile; fileRef = CD0755451CA1E23B00F9FAD3 /* LaunchScreen.storyboard */; };
/* End PBXBuildFile section */

/* Begin PBXFileReference section */
		CD0755391CA1E23B00F9FAD3 /* Protos.app */ = {isa = PBXFileReference; explicitFileType = wrapper.application; includeInIndex = 0; path = Protos.app; sourceTree = BUILT_PRODUCTS_DIR; };
		CD07553C1CA1E23B00F9FAD3 /* AppDelegate.swift */ = {isa = PBXFileReference; lastKnownFileType = sourcecode.swift; path = AppDelegate.swift; sourceTree = "<group>"; };
		CD07553E1CA1E23B00F9FAD3 /* ViewController.swift */ = {isa = PBXFileReference; lastKnownFileType = sourcecode.swift; path = ViewController.swift; sourceTree = "<group>"; };
		CD0755431CA1E23B00F9FAD3 /* Assets.xcassets */ = {isa = PBXFileReference; lastKnownFileType = folder.assetcatalog; path = Assets.xcassets; sourceTree = "<group>"; };
		CD0755461CA1E23B00F9FAD3 /* Base */ = {isa = PBXFileReference; lastKnownFileType = file.storyboard; name = Base; path = Base.lproj/LaunchScreen.storyboard; sourceTree = "<group>"; };
		CD0755481CA1E23B00F9FAD3 /* Info.plist */ = {isa = PBXFileReference; lastKnownFileType = text.plist.xml; path = Info.plist; sourceTree = "<group>"; };
/* End PBXFileReference section */

/* Begin PBXFrameworksBuildPhase section */
		CD0755361CA1E23B00F9FAD3 /* Frameworks */ = {
			isa = PBXFrameworksBuildPhase;
			buildActionMask = 2147483647;
			files = (
			);
			runOnlyForDeploymentPostprocessing = 0;
		};
/* End PBXFrameworksBuildPhase section */

/* Begin PBXGroup section */
		CD0755301CA1E23B00F9FAD3 = {
			isa = PBXGroup;
			children = (
				CD07553B1CA1E23B00F9FAD3 /* Protos */,
				CD07553A1CA1E23B00F9FAD3 /* Products */,
			);
			sourceTree = "<group>";
		};
		CD07553A1CA1E23B00F9FAD3 /* Products */ = {
			isa = PBXGroup;
			children = (
				CD0755391CA1E23B00F9FAD3 /* Protos.app */,
			);
			name = Products;
			sourceTree = "<group>";
		};
		CD07553B1CA1E23B00F9FAD3 /* Protos */ = {
			isa = PBXGroup;
			children = (
				CD07553C1CA1E23B00F9FAD3 /* AppDelegate.swift */,
				CD07553E1CA1E23B00F9FAD3 /* ViewController.swift */,
				CD0755431CA1E23B00F9FAD3 /* Assets.xcassets */,
				CD0755451CA1E23B00F9FAD3 /* LaunchScreen.storyboard */,
				CD0755481CA1E23B00F9FAD3 /* Info.plist */,
			);
			path = Protos;
			sourceTree = "<group>";
		};
/* End PBXGroup section */

/* Begin PBXNativeTarget section */
		CD0755381CA1E23B00F9FAD3 /* Protos */ = {
			isa = PBXNativeTarget;
			buildConfigurationList = CD07554B1CA1E23B00F9FAD3 /* Build configuration list for PBXNativeTarget "Protos" */;
			buildPhases = (
				CD0755351CA1E23B00F9FAD3 /* Sources */,
				CD0755361CA1E23B00F9FAD3 /* Frameworks */,
				CD0755371CA1E23B00F9FAD3 /* Resources */,
			);
			buildRules = (
			);
			dependencies = (
			);
			name = Protos;
			productName = Protos;
			productReference = CD0755391CA1E23B00F9FAD3 /* Protos.app */;
			productType = "com.apple.product-type.application";
		};
/* End PBXNativeTarget section */

/* Begin PBXProject section */
		CD0755311CA1E23B00F9FAD3 /* Project object */ = {
			isa = PBXProject;
			attributes = {
				LastSwiftUpdateCheck = 0720;
				LastUpgradeCheck = 0720;
				ORGANIZATIONNAME = "Jason Brennan";
				TargetAttributes = {
					CD0755381CA1E23B00F9FAD3 = {
						CreatedOnToolsVersion = 7.2;
					};
				};
			};
			buildConfigurationList = CD0755341CA1E23B00F9FAD3 /* Build configuration list for PBXProject "Protos" */;
			compatibilityVersion = "Xcode 3.2";
			developmentRegion = English;
			hasScannedForEncodings = 0;
			knownRegions = (
				en,
				Base,
			);
			mainGroup = CD0755301CA1E23B00F9FAD3;
			productRefGroup = CD07553A1CA1E23B00F9FAD3 /* Products */;
			projectDirPath = "";
			projectRoot = "";
			targets = (
				CD0755381CA1E23B00F9FAD3 /* Protos */,
			);
		};
/* End PBXProject section */

/* Begin PBXResourcesBuildPhase section */
		CD0755371CA1E23B00F9FAD3 /* Resources */ = {
			isa = PBXResourcesBuildPhase;
			buildActionMask = 2147483647;
			files = (
				CD0755471CA1E23B00F9FAD3 /* LaunchScreen.storyboard in Resources */,
				CD0755441CA1E23B00F9FAD3 /* Assets.xcassets in Resources */,
			);
			runOnlyForDeploymentPostprocessing = 0;
		};
/* End PBXResourcesBuildPhase section */

/* Begin PBXSourcesBuildPhase section */
		CD0755351CA1E23B00F9FAD3 /* Sources */ = {
			isa = PBXSourcesBuildPhase;
			buildActionMask = 2147483647;
			files = (
				CD07553F1CA1E23B00F9FAD3 /* ViewController.swift in Sources */,
				CD07553D1CA1E23B00F9FAD3 /* AppDelegate.swift in Sources */,
			);
			runOnlyForDeploymentPostprocessing = 0;
		};
/* End PBXSourcesBuildPhase section */

/* Begin PBXVariantGroup section */
		CD0755451CA1E23B00F9FAD3 /* LaunchScreen.storyboard */ = {
			isa = PBXVariantGroup;
			children = (
				CD0755461CA1E23B00F9FAD3 /* Base */,
			);
			name = LaunchScreen.storyboard;
			sourceTree = "<group>";
		};
/* End PBXVariantGroup section */

/* Begin XCBuildConfiguration section */
		CD0755491CA1E23B00F9FAD3 /* Debug */ = {
			isa = XCBuildConfiguration;
			buildSettings = {
				ALWAYS_SEARCH_USER_PATHS = NO;
				CLANG_CXX_LANGUAGE_STANDARD = "gnu++0x";
				CLANG_CXX_LIBRARY = "libc++";
				CLANG_ENABLE_MODULES = YES;
				CLANG_ENABLE_OBJC_ARC = YES;
				CLANG_WARN_BOOL_CONVERSION = YES;
				CLANG_WARN_CONSTANT_CONVERSION = YES;
				CLANG_WARN_DIRECT_OBJC_ISA_USAGE = YES_ERROR;
				CLANG_WARN_EMPTY_BODY = YES;
				CLANG_WARN_ENUM_CONVERSION = YES;
				CLANG_WARN_INT_CONVERSION = YES;
				CLANG_WARN_OBJC_ROOT_CLASS = YES_ERROR;
				CLANG_WARN_UNREACHABLE_CODE = YES;
				CLANG_WARN__DUPLICATE_METHOD_MATCH = YES;
				"CODE_SIGN_IDENTITY[sdk=iphoneos*]" = "iPhone Developer";
				COPY_PHASE_STRIP = NO;
				DEBUG_INFORMATION_FORMAT = dwarf;
				ENABLE_STRICT_OBJC_MSGSEND = YES;
				ENABLE_TESTABILITY = YES;
				GCC_C_LANGUAGE_STANDARD = gnu99;
				GCC_DYNAMIC_NO_PIC = NO;
				GCC_NO_COMMON_BLOCKS = YES;
				GCC_OPTIMIZATION_LEVEL = 0;
				GCC_PREPROCESSOR_DEFINITIONS = (
					"DEBUG=1",
					"$(inherited)",
				);
				GCC_WARN_64_TO_32_BIT_CONVERSION = YES;
				GCC_WARN_ABOUT_RETURN_TYPE = YES_ERROR;
				GCC_WARN_UNDECLARED_SELECTOR = YES;
				GCC_WARN_UNINITIALIZED_AUTOS = YES_AGGRESSIVE;
				GCC_WARN_UNUSED_FUNCTION = YES;
				GCC_WARN_UNUSED_VARIABLE = YES;
				IPHONEOS_DEPLOYMENT_TARGET = 9.2;
				MTL_ENABLE_DEBUG_INFO = YES;
				ONLY_ACTIVE_ARCH = YES;
				SDKROOT = iphoneos;
				SWIFT_OPTIMIZATION_LEVEL = "-Onone";
				TARGETED_DEVICE_FAMILY = "1,2";
			};
			name = Debug;
		};
		CD07554A1CA1E23B00F9FAD3 /* Release */ = {
			isa = XCBuildConfiguration;
			buildSettings = {
				ALWAYS_SEARCH_USER_PATHS = NO;
				CLANG_CXX_LANGUAGE_STANDARD = "gnu++0x";
				CLANG_CXX_LIBRARY = "libc++";
				CLANG_ENABLE_MODULES = YES;
				CLANG_ENABLE_OBJC_ARC = YES;
				CLANG_WARN_BOOL_CONVERSION = YES;
				CLANG_WARN_CONSTANT_CONVERSION = YES;
				CLANG_WARN_DIRECT_OBJC_ISA_USAGE = YES_ERROR;
				CLANG_WARN_EMPTY_BODY = YES;
				CLANG_WARN_ENUM_CONVERSION = YES;
				CLANG_WARN_INT_CONVERSION = YES;
				CLANG_WARN_OBJC_ROOT_CLASS = YES_ERROR;
				CLANG_WARN_UNREACHABLE_CODE = YES;
				CLANG_WARN__DUPLICATE_METHOD_MATCH = YES;
				"CODE_SIGN_IDENTITY[sdk=iphoneos*]" = "iPhone Developer";
				COPY_PHASE_STRIP = NO;
				DEBUG_INFORMATION_FORMAT = "dwarf-with-dsym";
				ENABLE_NS_ASSERTIONS = NO;
				ENABLE_STRICT_OBJC_MSGSEND = YES;
				GCC_C_LANGUAGE_STANDARD = gnu99;
				GCC_NO_COMMON_BLOCKS = YES;
				GCC_WARN_64_TO_32_BIT_CONVERSION = YES;
				GCC_WARN_ABOUT_RETURN_TYPE = YES_ERROR;
				GCC_WARN_UNDECLARED_SELECTOR = YES;
				GCC_WARN_UNINITIALIZED_AUTOS = YES_AGGRESSIVE;
				GCC_WARN_UNUSED_FUNCTION = YES;
				GCC_WARN_UNUSED_VARIABLE = YES;
				IPHONEOS_DEPLOYMENT_TARGET = 9.2;
				MTL_ENABLE_DEBUG_INFO = NO;
				SDKROOT = iphoneos;
				TARGETED_DEVICE_FAMILY = "1,2";
				VALIDATE_PRODUCT = YES;
			};
			name = Release;
		};
		CD07554C1CA1E23B00F9FAD3 /* Debug */ = {
			isa = XCBuildConfiguration;
			buildSettings = {
				ASSETCATALOG_COMPILER_APPICON_NAME = AppIcon;
				INFOPLIST_FILE = Protos/Info.plist;
				LD_RUNPATH_SEARCH_PATHS = "$(inherited) @executable_path/Frameworks";
				PRODUCT_BUNDLE_IDENTIFIER = land.brennan.Protos;
				PRODUCT_NAME = "$(TARGET_NAME)";
			};
			name = Debug;
		};
		CD07554D1CA1E23B00F9FAD3 /* Release */ = {
			isa = XCBuildConfiguration;
			buildSettings = {
				ASSETCATALOG_COMPILER_APPICON_NAME = AppIcon;
				INFOPLIST_FILE = Protos/Info.plist;
				LD_RUNPATH_SEARCH_PATHS = "$(inherited) @executable_path/Frameworks";
				PRODUCT_BUNDLE_IDENTIFIER = land.brennan.Protos;
				PRODUCT_NAME = "$(TARGET_NAME)";
			};
			name = Release;
		};
/* End XCBuildConfiguration section */

/* Begin XCConfigurationList section */
		CD0755341CA1E23B00F9FAD3 /* Build configuration list for PBXProject "Protos" */ = {
			isa = XCConfigurationList;
			buildConfigurations = (
				CD0755491CA1E23B00F9FAD3 /* Debug */,
				CD07554A1CA1E23B00F9FAD3 /* Release */,
			);
			defaultConfigurationIsVisible = 0;
			defaultConfigurationName = Release;
		};
		CD07554B1CA1E23B00F9FAD3 /* Build configuration list for PBXNativeTarget "Protos" */ = {
			isa = XCConfigurationList;
			buildConfigurations = (
				CD07554C1CA1E23B00F9FAD3 /* Debug */,
				CD07554D1CA1E23B00F9FAD3 /* Release */,
			);
			defaultConfigurationIsVisible = 0;
		};
/* End XCConfigurationList section */
	};
	rootObject = CD0755311CA1E23B00F9FAD3 /* Project object */;
}
