// !$*UTF8*$!
{
	archiveVersion = 1;
	classes = {
	};
	objectVersion = 46;
	objects = {

/* Begin PBXBuildFile section */
		962F06661CA869FF000CD2C5 /* SceneListingViewController.swift in Sources */ = {isa = PBXBuildFile; fileRef = 962F06641CA869FF000CD2C5 /* SceneListingViewController.swift */; };
		962F06671CA869FF000CD2C5 /* SceneViewController.swift in Sources */ = {isa = PBXBuildFile; fileRef = 962F06651CA869FF000CD2C5 /* SceneViewController.swift */; };
		962F066A1CA86A2D000CD2C5 /* SceneIndex.swift in Sources */ = {isa = PBXBuildFile; fileRef = 962F06691CA86A2D000CD2C5 /* SceneIndex.swift */; };
		962F066C1CA86AC5000CD2C5 /* TouchCursorsScene.swift in Sources */ = {isa = PBXBuildFile; fileRef = 962F066B1CA86AC5000CD2C5 /* TouchCursorsScene.swift */; };
		964CEAE51CFB700C007F759C /* PredatorPreyScene.swift in Sources */ = {isa = PBXBuildFile; fileRef = 964CEAE41CFB700C007F759C /* PredatorPreyScene.swift */; };
		96F5BFCD1D1DA72500B80C53 /* DeadFishScene.swift in Sources */ = {isa = PBXBuildFile; fileRef = 96F5BFCC1D1DA72500B80C53 /* DeadFishScene.swift */; };
		96F5BFD91D1DE9D500B80C53 /* PanelScene.swift in Sources */ = {isa = PBXBuildFile; fileRef = 96F5BFD81D1DE9D500B80C53 /* PanelScene.swift */; };
		CD07553D1CA1E23B00F9FAD3 /* AppDelegate.swift in Sources */ = {isa = PBXBuildFile; fileRef = CD07553C1CA1E23B00F9FAD3 /* AppDelegate.swift */; };
		CD07553F1CA1E23B00F9FAD3 /* ViewController.swift in Sources */ = {isa = PBXBuildFile; fileRef = CD07553E1CA1E23B00F9FAD3 /* ViewController.swift */; };
		CD0755441CA1E23B00F9FAD3 /* Assets.xcassets in Resources */ = {isa = PBXBuildFile; fileRef = CD0755431CA1E23B00F9FAD3 /* Assets.xcassets */; };
		CD0755471CA1E23B00F9FAD3 /* LaunchScreen.storyboard in Resources */ = {isa = PBXBuildFile; fileRef = CD0755451CA1E23B00F9FAD3 /* LaunchScreen.storyboard */; };
		CD0755C01CA2E30F00F9FAD3 /* Prototope.framework in Frameworks */ = {isa = PBXBuildFile; fileRef = CD0755AB1CA2E2F500F9FAD3 /* Prototope.framework */; };
		CD0755C11CA2E30F00F9FAD3 /* Prototope.framework in Embed Frameworks */ = {isa = PBXBuildFile; fileRef = CD0755AB1CA2E2F500F9FAD3 /* Prototope.framework */; settings = {ATTRIBUTES = (CodeSignOnCopy, RemoveHeadersOnCopy, ); }; };
		CD0755C71CA2E3E600F9FAD3 /* Colour.swift in Sources */ = {isa = PBXBuildFile; fileRef = CD0755C61CA2E3E600F9FAD3 /* Colour.swift */; };
/* End PBXBuildFile section */

/* Begin PBXContainerItemProxy section */
		CD0755AA1CA2E2F500F9FAD3 /* PBXContainerItemProxy */ = {
			isa = PBXContainerItemProxy;
			containerPortal = CD0755981CA2E2F500F9FAD3 /* Prototope.xcodeproj */;
			proxyType = 2;
			remoteGlobalIDString = EBE3A75619DF79C400A77736;
			remoteInfo = Prototope;
		};
		CD0755AC1CA2E2F500F9FAD3 /* PBXContainerItemProxy */ = {
			isa = PBXContainerItemProxy;
			containerPortal = CD0755981CA2E2F500F9FAD3 /* Prototope.xcodeproj */;
			proxyType = 2;
			remoteGlobalIDString = EB306C0919DF77CC00113FA3;
			remoteInfo = PrototopeTestApp;
		};
		CD0755AE1CA2E2F500F9FAD3 /* PBXContainerItemProxy */ = {
			isa = PBXContainerItemProxy;
			containerPortal = CD0755981CA2E2F500F9FAD3 /* Prototope.xcodeproj */;
			proxyType = 2;
			remoteGlobalIDString = EB1C2A6C19E4D19B000DC2C1;
			remoteInfo = PrototopeTests;
		};
		CD0755B01CA2E2F500F9FAD3 /* PBXContainerItemProxy */ = {
			isa = PBXContainerItemProxy;
			containerPortal = CD0755981CA2E2F500F9FAD3 /* Prototope.xcodeproj */;
			proxyType = 2;
			remoteGlobalIDString = EB453D8F1A7AB0B2006F2A72;
			remoteInfo = PrototopeJSBridge;
		};
		CD0755B21CA2E2F500F9FAD3 /* PBXContainerItemProxy */ = {
			isa = PBXContainerItemProxy;
			containerPortal = CD0755981CA2E2F500F9FAD3 /* Prototope.xcodeproj */;
			proxyType = 2;
			remoteGlobalIDString = EB453D991A7AB0B2006F2A72;
			remoteInfo = PrototopeJSBridgeTests;
		};
		CD0755B41CA2E2F500F9FAD3 /* PBXContainerItemProxy */ = {
			isa = PBXContainerItemProxy;
			containerPortal = CD0755981CA2E2F500F9FAD3 /* Prototope.xcodeproj */;
			proxyType = 2;
			remoteGlobalIDString = EB6BFB801A857326002B4E6A;
			remoteInfo = Protocaster;
		};
		CD0755B61CA2E2F500F9FAD3 /* PBXContainerItemProxy */ = {
			isa = PBXContainerItemProxy;
			containerPortal = CD0755981CA2E2F500F9FAD3 /* Prototope.xcodeproj */;
			proxyType = 2;
			remoteGlobalIDString = EB6BFB911A857326002B4E6A;
			remoteInfo = ProtocasterTests;
		};
		CD0755B81CA2E2F500F9FAD3 /* PBXContainerItemProxy */ = {
			isa = PBXContainerItemProxy;
			containerPortal = CD0755981CA2E2F500F9FAD3 /* Prototope.xcodeproj */;
			proxyType = 2;
			remoteGlobalIDString = EB6BFBB51A857920002B4E6A;
			remoteInfo = Protoscope;
		};
		CD0755BA1CA2E2F500F9FAD3 /* PBXContainerItemProxy */ = {
			isa = PBXContainerItemProxy;
			containerPortal = CD0755981CA2E2F500F9FAD3 /* Prototope.xcodeproj */;
			proxyType = 2;
			remoteGlobalIDString = EB6BFBC91A857921002B4E6A;
			remoteInfo = ProtoscopeTests;
		};
		CD0755BC1CA2E2F500F9FAD3 /* PBXContainerItemProxy */ = {
			isa = PBXContainerItemProxy;
			containerPortal = CD0755981CA2E2F500F9FAD3 /* Prototope.xcodeproj */;
			proxyType = 2;
			remoteGlobalIDString = 96A192331B531B3200D73B07;
			remoteInfo = PrototopeOSX;
		};
		CD0755BE1CA2E2F500F9FAD3 /* PBXContainerItemProxy */ = {
			isa = PBXContainerItemProxy;
			containerPortal = CD0755981CA2E2F500F9FAD3 /* Prototope.xcodeproj */;
			proxyType = 2;
			remoteGlobalIDString = 96A1923D1B531B3300D73B07;
			remoteInfo = PrototopeOSXTests;
		};
		CD0755C21CA2E30F00F9FAD3 /* PBXContainerItemProxy */ = {
			isa = PBXContainerItemProxy;
			containerPortal = CD0755981CA2E2F500F9FAD3 /* Prototope.xcodeproj */;
			proxyType = 1;
			remoteGlobalIDString = EBE3A75519DF79C400A77736;
			remoteInfo = Prototope;
		};
/* End PBXContainerItemProxy section */

/* Begin PBXCopyFilesBuildPhase section */
		CD0755C41CA2E30F00F9FAD3 /* Embed Frameworks */ = {
			isa = PBXCopyFilesBuildPhase;
			buildActionMask = 2147483647;
			dstPath = "";
			dstSubfolderSpec = 10;
			files = (
				CD0755C11CA2E30F00F9FAD3 /* Prototope.framework in Embed Frameworks */,
			);
			name = "Embed Frameworks";
			runOnlyForDeploymentPostprocessing = 0;
		};
/* End PBXCopyFilesBuildPhase section */

/* Begin PBXFileReference section */
		962F06641CA869FF000CD2C5 /* SceneListingViewController.swift */ = {isa = PBXFileReference; fileEncoding = 4; lastKnownFileType = sourcecode.swift; path = SceneListingViewController.swift; sourceTree = "<group>"; };
		962F06651CA869FF000CD2C5 /* SceneViewController.swift */ = {isa = PBXFileReference; fileEncoding = 4; lastKnownFileType = sourcecode.swift; path = SceneViewController.swift; sourceTree = "<group>"; };
		962F06691CA86A2D000CD2C5 /* SceneIndex.swift */ = {isa = PBXFileReference; fileEncoding = 4; lastKnownFileType = sourcecode.swift; path = SceneIndex.swift; sourceTree = "<group>"; };
		962F066B1CA86AC5000CD2C5 /* TouchCursorsScene.swift */ = {isa = PBXFileReference; fileEncoding = 4; lastKnownFileType = sourcecode.swift; path = TouchCursorsScene.swift; sourceTree = "<group>"; };
		962F066D1CA872BB000CD2C5 /* MultipeerConnectivity.framework */ = {isa = PBXFileReference; lastKnownFileType = wrapper.framework; name = MultipeerConnectivity.framework; path = System/Library/Frameworks/MultipeerConnectivity.framework; sourceTree = SDKROOT; };
		964CEAE41CFB700C007F759C /* PredatorPreyScene.swift */ = {isa = PBXFileReference; fileEncoding = 4; lastKnownFileType = sourcecode.swift; path = PredatorPreyScene.swift; sourceTree = "<group>"; };
		96F5BFCC1D1DA72500B80C53 /* DeadFishScene.swift */ = {isa = PBXFileReference; fileEncoding = 4; lastKnownFileType = sourcecode.swift; path = DeadFishScene.swift; sourceTree = "<group>"; };
		96F5BFD81D1DE9D500B80C53 /* PanelScene.swift */ = {isa = PBXFileReference; fileEncoding = 4; lastKnownFileType = sourcecode.swift; path = PanelScene.swift; sourceTree = "<group>"; };
		CD0755391CA1E23B00F9FAD3 /* Protos.app */ = {isa = PBXFileReference; explicitFileType = wrapper.application; includeInIndex = 0; path = Protos.app; sourceTree = BUILT_PRODUCTS_DIR; };
		CD07553C1CA1E23B00F9FAD3 /* AppDelegate.swift */ = {isa = PBXFileReference; lastKnownFileType = sourcecode.swift; path = AppDelegate.swift; sourceTree = "<group>"; };
		CD07553E1CA1E23B00F9FAD3 /* ViewController.swift */ = {isa = PBXFileReference; lastKnownFileType = sourcecode.swift; path = ViewController.swift; sourceTree = "<group>"; };
		CD0755431CA1E23B00F9FAD3 /* Assets.xcassets */ = {isa = PBXFileReference; lastKnownFileType = folder.assetcatalog; path = Assets.xcassets; sourceTree = "<group>"; };
		CD0755461CA1E23B00F9FAD3 /* Base */ = {isa = PBXFileReference; lastKnownFileType = file.storyboard; name = Base; path = Base.lproj/LaunchScreen.storyboard; sourceTree = "<group>"; };
		CD0755481CA1E23B00F9FAD3 /* Info.plist */ = {isa = PBXFileReference; lastKnownFileType = text.plist.xml; path = Info.plist; sourceTree = "<group>"; };
		CD0755981CA2E2F500F9FAD3 /* Prototope.xcodeproj */ = {isa = PBXFileReference; lastKnownFileType = "wrapper.pb-project"; name = Prototope.xcodeproj; path = prototope/Prototope.xcodeproj; sourceTree = "<group>"; };
		CD0755C61CA2E3E600F9FAD3 /* Colour.swift */ = {isa = PBXFileReference; fileEncoding = 4; lastKnownFileType = sourcecode.swift; path = Colour.swift; sourceTree = "<group>"; };
/* End PBXFileReference section */

/* Begin PBXFrameworksBuildPhase section */
		CD0755361CA1E23B00F9FAD3 /* Frameworks */ = {
			isa = PBXFrameworksBuildPhase;
			buildActionMask = 2147483647;
			files = (
				CD0755C01CA2E30F00F9FAD3 /* Prototope.framework in Frameworks */,
			);
			runOnlyForDeploymentPostprocessing = 0;
		};
/* End PBXFrameworksBuildPhase section */

/* Begin PBXGroup section */
		962F06591CA869B3000CD2C5 /* App UI */ = {
			isa = PBXGroup;
			children = (
				CD07553C1CA1E23B00F9FAD3 /* AppDelegate.swift */,
				962F06641CA869FF000CD2C5 /* SceneListingViewController.swift */,
				962F06651CA869FF000CD2C5 /* SceneViewController.swift */,
				962F06691CA86A2D000CD2C5 /* SceneIndex.swift */,
			);
			path = "App UI";
			sourceTree = "<group>";
		};
		962F06681CA86A10000CD2C5 /* Scenes */ = {
			isa = PBXGroup;
			children = (
				962F066B1CA86AC5000CD2C5 /* TouchCursorsScene.swift */,
				964CEAE41CFB700C007F759C /* PredatorPreyScene.swift */,
				96F5BFCC1D1DA72500B80C53 /* DeadFishScene.swift */,
				96F5BFD81D1DE9D500B80C53 /* PanelScene.swift */,
			);
			path = Scenes;
			sourceTree = "<group>";
		};
		CD0755301CA1E23B00F9FAD3 = {
			isa = PBXGroup;
			children = (
				CD07553B1CA1E23B00F9FAD3 /* Protos */,
				CD07553A1CA1E23B00F9FAD3 /* Products */,
				CD0755971CA2E2DC00F9FAD3 /* Libraries */,
			);
			sourceTree = "<group>";
		};
		CD07553A1CA1E23B00F9FAD3 /* Products */ = {
			isa = PBXGroup;
			children = (
				CD0755391CA1E23B00F9FAD3 /* Protos.app */,
			);
			name = Products;
			sourceTree = "<group>";
		};
		CD07553B1CA1E23B00F9FAD3 /* Protos */ = {
			isa = PBXGroup;
			children = (
				962F06681CA86A10000CD2C5 /* Scenes */,
				962F06591CA869B3000CD2C5 /* App UI */,
				CD07553E1CA1E23B00F9FAD3 /* ViewController.swift */,
				CD0755431CA1E23B00F9FAD3 /* Assets.xcassets */,
				CD0755451CA1E23B00F9FAD3 /* LaunchScreen.storyboard */,
				CD0755481CA1E23B00F9FAD3 /* Info.plist */,
				CD0755C61CA2E3E600F9FAD3 /* Colour.swift */,
			);
			path = Protos;
			sourceTree = "<group>";
		};
		CD0755971CA2E2DC00F9FAD3 /* Libraries */ = {
			isa = PBXGroup;
			children = (
				962F066D1CA872BB000CD2C5 /* MultipeerConnectivity.framework */,
				CD0755981CA2E2F500F9FAD3 /* Prototope.xcodeproj */,
			);
			name = Libraries;
			sourceTree = "<group>";
		};
		CD0755991CA2E2F500F9FAD3 /* Products */ = {
			isa = PBXGroup;
			children = (
				CD0755AB1CA2E2F500F9FAD3 /* Prototope.framework */,
				CD0755AD1CA2E2F500F9FAD3 /* PrototopeTestApp.app */,
				CD0755AF1CA2E2F500F9FAD3 /* PrototopeTests.xctest */,
				CD0755B11CA2E2F500F9FAD3 /* PrototopeJSBridge.framework */,
				CD0755B31CA2E2F500F9FAD3 /* PrototopeJSBridgeTests.xctest */,
				CD0755B51CA2E2F500F9FAD3 /* Protocaster.app */,
				CD0755B71CA2E2F500F9FAD3 /* ProtocasterTests.xctest */,
				CD0755B91CA2E2F500F9FAD3 /* Protoscope.app */,
				CD0755BB1CA2E2F500F9FAD3 /* ProtoscopeTests.xctest */,
				CD0755BD1CA2E2F500F9FAD3 /* PrototopeOSX.framework */,
				CD0755BF1CA2E2F500F9FAD3 /* PrototopeOSXTests.xctest */,
			);
			name = Products;
			sourceTree = "<group>";
		};
/* End PBXGroup section */

/* Begin PBXNativeTarget section */
		CD0755381CA1E23B00F9FAD3 /* Protos */ = {
			isa = PBXNativeTarget;
			buildConfigurationList = CD07554B1CA1E23B00F9FAD3 /* Build configuration list for PBXNativeTarget "Protos" */;
			buildPhases = (
				CD0755351CA1E23B00F9FAD3 /* Sources */,
				CD0755361CA1E23B00F9FAD3 /* Frameworks */,
				CD0755371CA1E23B00F9FAD3 /* Resources */,
				CD0755C41CA2E30F00F9FAD3 /* Embed Frameworks */,
			);
			buildRules = (
			);
			dependencies = (
				CD0755C31CA2E30F00F9FAD3 /* PBXTargetDependency */,
			);
			name = Protos;
			productName = Protos;
			productReference = CD0755391CA1E23B00F9FAD3 /* Protos.app */;
			productType = "com.apple.product-type.application";
		};
/* End PBXNativeTarget section */

/* Begin PBXProject section */
		CD0755311CA1E23B00F9FAD3 /* Project object */ = {
			isa = PBXProject;
			attributes = {
				LastSwiftUpdateCheck = 0720;
				LastUpgradeCheck = 0720;
				ORGANIZATIONNAME = "Jason Brennan";
				TargetAttributes = {
					CD0755381CA1E23B00F9FAD3 = {
						CreatedOnToolsVersion = 7.2;
						DevelopmentTeam = FMPA3MXEW7;
					};
				};
			};
			buildConfigurationList = CD0755341CA1E23B00F9FAD3 /* Build configuration list for PBXProject "Protos" */;
			compatibilityVersion = "Xcode 3.2";
			developmentRegion = English;
			hasScannedForEncodings = 0;
			knownRegions = (
				en,
				Base,
			);
			mainGroup = CD0755301CA1E23B00F9FAD3;
			productRefGroup = CD07553A1CA1E23B00F9FAD3 /* Products */;
			projectDirPath = "";
			projectReferences = (
				{
					ProductGroup = CD0755991CA2E2F500F9FAD3 /* Products */;
					ProjectRef = CD0755981CA2E2F500F9FAD3 /* Prototope.xcodeproj */;
				},
			);
			projectRoot = "";
			targets = (
				CD0755381CA1E23B00F9FAD3 /* Protos */,
			);
		};
/* End PBXProject section */

/* Begin PBXReferenceProxy section */
		CD0755AB1CA2E2F500F9FAD3 /* Prototope.framework */ = {
			isa = PBXReferenceProxy;
			fileType = wrapper.framework;
			path = Prototope.framework;
			remoteRef = CD0755AA1CA2E2F500F9FAD3 /* PBXContainerItemProxy */;
			sourceTree = BUILT_PRODUCTS_DIR;
		};
		CD0755AD1CA2E2F500F9FAD3 /* PrototopeTestApp.app */ = {
			isa = PBXReferenceProxy;
			fileType = wrapper.application;
			path = PrototopeTestApp.app;
			remoteRef = CD0755AC1CA2E2F500F9FAD3 /* PBXContainerItemProxy */;
			sourceTree = BUILT_PRODUCTS_DIR;
		};
		CD0755AF1CA2E2F500F9FAD3 /* PrototopeTests.xctest */ = {
			isa = PBXReferenceProxy;
			fileType = wrapper.cfbundle;
			path = PrototopeTests.xctest;
			remoteRef = CD0755AE1CA2E2F500F9FAD3 /* PBXContainerItemProxy */;
			sourceTree = BUILT_PRODUCTS_DIR;
		};
		CD0755B11CA2E2F500F9FAD3 /* PrototopeJSBridge.framework */ = {
			isa = PBXReferenceProxy;
			fileType = wrapper.framework;
			path = PrototopeJSBridge.framework;
			remoteRef = CD0755B01CA2E2F500F9FAD3 /* PBXContainerItemProxy */;
			sourceTree = BUILT_PRODUCTS_DIR;
		};
		CD0755B31CA2E2F500F9FAD3 /* PrototopeJSBridgeTests.xctest */ = {
			isa = PBXReferenceProxy;
			fileType = wrapper.cfbundle;
			path = PrototopeJSBridgeTests.xctest;
			remoteRef = CD0755B21CA2E2F500F9FAD3 /* PBXContainerItemProxy */;
			sourceTree = BUILT_PRODUCTS_DIR;
		};
		CD0755B51CA2E2F500F9FAD3 /* Protocaster.app */ = {
			isa = PBXReferenceProxy;
			fileType = wrapper.application;
			path = Protocaster.app;
			remoteRef = CD0755B41CA2E2F500F9FAD3 /* PBXContainerItemProxy */;
			sourceTree = BUILT_PRODUCTS_DIR;
		};
		CD0755B71CA2E2F500F9FAD3 /* ProtocasterTests.xctest */ = {
			isa = PBXReferenceProxy;
			fileType = wrapper.cfbundle;
			path = ProtocasterTests.xctest;
			remoteRef = CD0755B61CA2E2F500F9FAD3 /* PBXContainerItemProxy */;
			sourceTree = BUILT_PRODUCTS_DIR;
		};
		CD0755B91CA2E2F500F9FAD3 /* Protoscope.app */ = {
			isa = PBXReferenceProxy;
			fileType = wrapper.application;
			path = Protoscope.app;
			remoteRef = CD0755B81CA2E2F500F9FAD3 /* PBXContainerItemProxy */;
			sourceTree = BUILT_PRODUCTS_DIR;
		};
		CD0755BB1CA2E2F500F9FAD3 /* ProtoscopeTests.xctest */ = {
			isa = PBXReferenceProxy;
			fileType = wrapper.cfbundle;
			path = ProtoscopeTests.xctest;
			remoteRef = CD0755BA1CA2E2F500F9FAD3 /* PBXContainerItemProxy */;
			sourceTree = BUILT_PRODUCTS_DIR;
		};
		CD0755BD1CA2E2F500F9FAD3 /* PrototopeOSX.framework */ = {
			isa = PBXReferenceProxy;
			fileType = wrapper.framework;
			path = PrototopeOSX.framework;
			remoteRef = CD0755BC1CA2E2F500F9FAD3 /* PBXContainerItemProxy */;
			sourceTree = BUILT_PRODUCTS_DIR;
		};
		CD0755BF1CA2E2F500F9FAD3 /* PrototopeOSXTests.xctest */ = {
			isa = PBXReferenceProxy;
			fileType = wrapper.cfbundle;
			path = PrototopeOSXTests.xctest;
			remoteRef = CD0755BE1CA2E2F500F9FAD3 /* PBXContainerItemProxy */;
			sourceTree = BUILT_PRODUCTS_DIR;
		};
/* End PBXReferenceProxy section */

/* Begin PBXResourcesBuildPhase section */
		CD0755371CA1E23B00F9FAD3 /* Resources */ = {
			isa = PBXResourcesBuildPhase;
			buildActionMask = 2147483647;
			files = (
				CD0755471CA1E23B00F9FAD3 /* LaunchScreen.storyboard in Resources */,
				CD0755441CA1E23B00F9FAD3 /* Assets.xcassets in Resources */,
			);
			runOnlyForDeploymentPostprocessing = 0;
		};
/* End PBXResourcesBuildPhase section */

/* Begin PBXSourcesBuildPhase section */
		CD0755351CA1E23B00F9FAD3 /* Sources */ = {
			isa = PBXSourcesBuildPhase;
			buildActionMask = 2147483647;
			files = (
				962F06671CA869FF000CD2C5 /* SceneViewController.swift in Sources */,
				964CEAE51CFB700C007F759C /* PredatorPreyScene.swift in Sources */,
				962F06661CA869FF000CD2C5 /* SceneListingViewController.swift in Sources */,
				CD07553F1CA1E23B00F9FAD3 /* ViewController.swift in Sources */,
				96F5BFCD1D1DA72500B80C53 /* DeadFishScene.swift in Sources */,
				CD07553D1CA1E23B00F9FAD3 /* AppDelegate.swift in Sources */,
				962F066C1CA86AC5000CD2C5 /* TouchCursorsScene.swift in Sources */,
				96F5BFD91D1DE9D500B80C53 /* PanelScene.swift in Sources */,
				CD0755C71CA2E3E600F9FAD3 /* Colour.swift in Sources */,
				962F066A1CA86A2D000CD2C5 /* SceneIndex.swift in Sources */,
			);
			runOnlyForDeploymentPostprocessing = 0;
		};
/* End PBXSourcesBuildPhase section */

/* Begin PBXTargetDependency section */
		CD0755C31CA2E30F00F9FAD3 /* PBXTargetDependency */ = {
			isa = PBXTargetDependency;
			name = Prototope;
			targetProxy = CD0755C21CA2E30F00F9FAD3 /* PBXContainerItemProxy */;
		};
/* End PBXTargetDependency section */

/* Begin PBXVariantGroup section */
		CD0755451CA1E23B00F9FAD3 /* LaunchScreen.storyboard */ = {
			isa = PBXVariantGroup;
			children = (
				CD0755461CA1E23B00F9FAD3 /* Base */,
			);
			name = LaunchScreen.storyboard;
			sourceTree = "<group>";
		};
/* End PBXVariantGroup section */

/* Begin XCBuildConfiguration section */
		CD0755491CA1E23B00F9FAD3 /* Debug */ = {
			isa = XCBuildConfiguration;
			buildSettings = {
				ALWAYS_SEARCH_USER_PATHS = NO;
				CLANG_CXX_LANGUAGE_STANDARD = "gnu++0x";
				CLANG_CXX_LIBRARY = "libc++";
				CLANG_ENABLE_MODULES = YES;
				CLANG_ENABLE_OBJC_ARC = YES;
				CLANG_WARN_BOOL_CONVERSION = YES;
				CLANG_WARN_CONSTANT_CONVERSION = YES;
				CLANG_WARN_DIRECT_OBJC_ISA_USAGE = YES_ERROR;
				CLANG_WARN_EMPTY_BODY = YES;
				CLANG_WARN_ENUM_CONVERSION = YES;
				CLANG_WARN_INT_CONVERSION = YES;
				CLANG_WARN_OBJC_ROOT_CLASS = YES_ERROR;
				CLANG_WARN_UNREACHABLE_CODE = YES;
				CLANG_WARN__DUPLICATE_METHOD_MATCH = YES;
				"CODE_SIGN_IDENTITY[sdk=iphoneos*]" = "iPhone Developer";
				COPY_PHASE_STRIP = NO;
				DEBUG_INFORMATION_FORMAT = dwarf;
				ENABLE_STRICT_OBJC_MSGSEND = YES;
				ENABLE_TESTABILITY = YES;
				GCC_C_LANGUAGE_STANDARD = gnu99;
				GCC_DYNAMIC_NO_PIC = NO;
				GCC_NO_COMMON_BLOCKS = YES;
				GCC_OPTIMIZATION_LEVEL = 0;
				GCC_PREPROCESSOR_DEFINITIONS = (
					"DEBUG=1",
					"$(inherited)",
				);
				GCC_WARN_64_TO_32_BIT_CONVERSION = YES;
				GCC_WARN_ABOUT_RETURN_TYPE = YES_ERROR;
				GCC_WARN_UNDECLARED_SELECTOR = YES;
				GCC_WARN_UNINITIALIZED_AUTOS = YES_AGGRESSIVE;
				GCC_WARN_UNUSED_FUNCTION = YES;
				GCC_WARN_UNUSED_VARIABLE = YES;
				IPHONEOS_DEPLOYMENT_TARGET = 9.3;
				MTL_ENABLE_DEBUG_INFO = YES;
				ONLY_ACTIVE_ARCH = YES;
				SDKROOT = iphoneos;
				SWIFT_OPTIMIZATION_LEVEL = "-Onone";
				TARGETED_DEVICE_FAMILY = "1,2";
			};
			name = Debug;
		};
		CD07554A1CA1E23B00F9FAD3 /* Release */ = {
			isa = XCBuildConfiguration;
			buildSettings = {
				ALWAYS_SEARCH_USER_PATHS = NO;
				CLANG_CXX_LANGUAGE_STANDARD = "gnu++0x";
				CLANG_CXX_LIBRARY = "libc++";
				CLANG_ENABLE_MODULES = YES;
				CLANG_ENABLE_OBJC_ARC = YES;
				CLANG_WARN_BOOL_CONVERSION = YES;
				CLANG_WARN_CONSTANT_CONVERSION = YES;
				CLANG_WARN_DIRECT_OBJC_ISA_USAGE = YES_ERROR;
				CLANG_WARN_EMPTY_BODY = YES;
				CLANG_WARN_ENUM_CONVERSION = YES;
				CLANG_WARN_INT_CONVERSION = YES;
				CLANG_WARN_OBJC_ROOT_CLASS = YES_ERROR;
				CLANG_WARN_UNREACHABLE_CODE = YES;
				CLANG_WARN__DUPLICATE_METHOD_MATCH = YES;
				"CODE_SIGN_IDENTITY[sdk=iphoneos*]" = "iPhone Developer";
				COPY_PHASE_STRIP = NO;
				DEBUG_INFORMATION_FORMAT = "dwarf-with-dsym";
				ENABLE_NS_ASSERTIONS = NO;
				ENABLE_STRICT_OBJC_MSGSEND = YES;
				GCC_C_LANGUAGE_STANDARD = gnu99;
				GCC_NO_COMMON_BLOCKS = YES;
				GCC_WARN_64_TO_32_BIT_CONVERSION = YES;
				GCC_WARN_ABOUT_RETURN_TYPE = YES_ERROR;
				GCC_WARN_UNDECLARED_SELECTOR = YES;
				GCC_WARN_UNINITIALIZED_AUTOS = YES_AGGRESSIVE;
				GCC_WARN_UNUSED_FUNCTION = YES;
				GCC_WARN_UNUSED_VARIABLE = YES;
				IPHONEOS_DEPLOYMENT_TARGET = 9.3;
				MTL_ENABLE_DEBUG_INFO = NO;
				SDKROOT = iphoneos;
				TARGETED_DEVICE_FAMILY = "1,2";
				VALIDATE_PRODUCT = YES;
			};
			name = Release;
		};
		CD07554C1CA1E23B00F9FAD3 /* Debug */ = {
			isa = XCBuildConfiguration;
			buildSettings = {
				ASSETCATALOG_COMPILER_APPICON_NAME = AppIcon;
				CODE_SIGN_IDENTITY = "iPhone Developer";
				"CODE_SIGN_IDENTITY[sdk=iphoneos*]" = "iPhone Developer";
				EMBEDDED_CONTENT_CONTAINS_SWIFT = YES;
				HEADER_SEARCH_PATHS = (
					"$(SRCROOT)/prototope/ThirdParty/**",
					"$(SRCROOT)/prototope/Prototope/",
				);
				INFOPLIST_FILE = Protos/Info.plist;
				LD_RUNPATH_SEARCH_PATHS = "$(inherited) @executable_path/Frameworks";
				LIBRARY_SEARCH_PATHS = "$(SRCROOT)/prototope/ThirdParty/**";
				OTHER_LDFLAGS = (
					"-Objc",
					"-lc++",
				);
				PRODUCT_BUNDLE_IDENTIFIER = land.brennan.Protos;
				PRODUCT_NAME = "$(TARGET_NAME)";
				PROVISIONING_PROFILE = "";
			};
			name = Debug;
		};
		CD07554D1CA1E23B00F9FAD3 /* Release */ = {
			isa = XCBuildConfiguration;
			buildSettings = {
				ASSETCATALOG_COMPILER_APPICON_NAME = AppIcon;
				CODE_SIGN_IDENTITY = "iPhone Developer";
				"CODE_SIGN_IDENTITY[sdk=iphoneos*]" = "iPhone Developer";
				EMBEDDED_CONTENT_CONTAINS_SWIFT = YES;
				HEADER_SEARCH_PATHS = (
					"$(SRCROOT)/prototope/ThirdParty/**",
					"$(SRCROOT)/prototope/Prototope/",
				);
				INFOPLIST_FILE = Protos/Info.plist;
				LD_RUNPATH_SEARCH_PATHS = "$(inherited) @executable_path/Frameworks";
				LIBRARY_SEARCH_PATHS = "$(SRCROOT)/prototope/ThirdParty/**";
				OTHER_LDFLAGS = (
					"-Objc",
					"-lc++",
				);
				PRODUCT_BUNDLE_IDENTIFIER = land.brennan.Protos;
				PRODUCT_NAME = "$(TARGET_NAME)";
				PROVISIONING_PROFILE = "";
			};
			name = Release;
		};
/* End XCBuildConfiguration section */

/* Begin XCConfigurationList section */
		CD0755341CA1E23B00F9FAD3 /* Build configuration list for PBXProject "Protos" */ = {
			isa = XCConfigurationList;
			buildConfigurations = (
				CD0755491CA1E23B00F9FAD3 /* Debug */,
				CD07554A1CA1E23B00F9FAD3 /* Release */,
			);
			defaultConfigurationIsVisible = 0;
			defaultConfigurationName = Release;
		};
		CD07554B1CA1E23B00F9FAD3 /* Build configuration list for PBXNativeTarget "Protos" */ = {
			isa = XCConfigurationList;
			buildConfigurations = (
				CD07554C1CA1E23B00F9FAD3 /* Debug */,
				CD07554D1CA1E23B00F9FAD3 /* Release */,
			);
			defaultConfigurationIsVisible = 0;
			defaultConfigurationName = Release;
		};
/* End XCConfigurationList section */
	};
	rootObject = CD0755311CA1E23B00F9FAD3 /* Project object */;
}
